
Microsoft Visual Studio Solution File, Format Version 12.00
# Visual Studio 14
VisualStudioVersion = 14.0.24720.0
MinimumVisualStudioVersion = 10.0.40219.1
Project("{8BC9CEB8-8B4A-11D0-8D11-00A0C91BC942}") = "Socket", "Socket\Socket.vcxproj", "{535E28BB-2A68-414A-8C19-FF3E9A718041}"
EndProject
Project("{8BC9CEB8-8B4A-11D0-8D11-00A0C91BC942}") = "SocketClient", "SocketClient\SocketClient.vcxproj", "{8E55751E-87E5-499D-AABF-3BEF30344327}"
EndProject
Global
	GlobalSection(SolutionConfigurationPlatforms) = preSolution
		Debug|x64 = Debug|x64
		Debug|x86 = Debug|x86
		Release|x64 = Release|x64
		Release|x86 = Release|x86
	EndGlobalSection
	GlobalSection(ProjectConfigurationPlatforms) = postSolution
		{535E28BB-2A68-414A-8C19-FF3E9A718041}.Debug|x64.ActiveCfg = Debug|x64
		{535E28BB-2A68-414A-8C19-FF3E9A718041}.Debug|x64.Build.0 = Debug|x64
		{535E28BB-2A68-414A-8C19-FF3E9A718041}.Debug|x86.ActiveCfg = Debug|Win32
		{535E28BB-2A68-414A-8C19-FF3E9A718041}.Debug|x86.Build.0 = Debug|Win32
		{535E28BB-2A68-414A-8C19-FF3E9A718041}.Release|x64.ActiveCfg = Release|x64
		{535E28BB-2A68-414A-8C19-FF3E9A718041}.Release|x64.Build.0 = Release|x64
		{535E28BB-2A68-414A-8C19-FF3E9A718041}.Release|x86.ActiveCfg = Release|Win32
		{535E28BB-2A68-414A-8C19-FF3E9A718041}.Release|x86.Build.0 = Release|Win32
		{8E55751E-87E5-499D-AABF-3BEF30344327}.Debug|x64.ActiveCfg = Debug|x64
		{8E55751E-87E5-499D-AABF-3BEF30344327}.Debug|x64.Build.0 = Debug|x64
		{8E55751E-87E5-499D-AABF-3BEF30344327}.Debug|x86.ActiveCfg = Debug|Win32
		{8E55751E-87E5-499D-AABF-3BEF30344327}.Debug|x86.Build.0 = Debug|Win32
		{8E55751E-87E5-499D-AABF-3BEF30344327}.Release|x64.ActiveCfg = Release|x64
		{8E55751E-87E5-499D-AABF-3BEF30344327}.Release|x64.Build.0 = Release|x64
		{8E55751E-87E5-499D-AABF-3BEF30344327}.Release|x86.ActiveCfg = Release|Win32
		{8E55751E-87E5-499D-AABF-3BEF30344327}.Release|x86.Build.0 = Release|Win32
	EndGlobalSection
	GlobalSection(SolutionProperties) = preSolution
		HideSolutionNode = FALSE
	EndGlobalSection
EndGlobal
